
Microsoft Visual Studio Solution File, Format Version 12.00
# Visual Studio Version 17
VisualStudioVersion = 17.8.34309.116
MinimumVisualStudioVersion = 10.0.40219.1
Project("{FAE04EC0-301F-11D3-BF4B-00C04F79EFBC}") = "SmokeMaker", "SmokeMaker.csproj", "{91E0F8AA-3C0D-40DC-85F2-4BFF78C6D613}"
EndProject
Global
	GlobalSection(SolutionConfigurationPlatforms) = preSolution
		Debug|Any CPU = Debug|Any CPU
		Release|Any CPU = Release|Any CPU
	EndGlobalSection
	GlobalSection(ProjectConfigurationPlatforms) = postSolution
		{91E0F8AA-3C0D-40DC-85F2-4BFF78C6D613}.Debug|Any CPU.ActiveCfg = Debug|Any CPU
		{91E0F8AA-3C0D-40DC-85F2-4BFF78C6D613}.Debug|Any CPU.Build.0 = Debug|Any CPU
		{91E0F8AA-3C0D-40DC-85F2-4BFF78C6D613}.Release|Any CPU.ActiveCfg = Release|Any CPU
		{91E0F8AA-3C0D-40DC-85F2-4BFF78C6D613}.Release|Any CPU.Build.0 = Release|Any CPU
	EndGlobalSection
	GlobalSection(SolutionProperties) = preSolution
		HideSolutionNode = FALSE
	EndGlobalSection
	GlobalSection(ExtensibilityGlobals) = postSolution
		SolutionGuid = {A8B92FC4-47AA-4A8E-ABC2-D209775BF476}
	EndGlobalSection
EndGlobal
